
Microsoft Visual Studio Solution File, Format Version 12.00
# Visual Studio Version 16
VisualStudioVersion = 16.0.29020.237
MinimumVisualStudioVersion = 15.0.26124.0
Project("{2150E333-8FDC-42A3-9474-1A3956D46DE8}") = "src", "src", "{0A1EFF5D-FA74-4B9F-A0B2-3A0DC296298C}"
EndProject
Project("{9A19103F-16F7-4668-BE54-9A1E7A4F7556}") = "StrategyPattern", "src\Behavioral\StrategyPattern\StrategyPattern.csproj", "{58B5D1A1-B6FF-49C1-82FF-C669208140C5}"
EndProject
Project("{2150E333-8FDC-42A3-9474-1A3956D46DE8}") = "tests", "tests", "{455E807C-A893-4A52-8482-8CB897C7E2C2}"
EndProject
Project("{9A19103F-16F7-4668-BE54-9A1E7A4F7556}") = "SharpPatterns.Tests", "tests\SharpPatterns.Tests\SharpPatterns.Tests.csproj", "{EC45A657-BFE0-4A0A-BD7E-D1E006636412}"
EndProject
Project("{9A19103F-16F7-4668-BE54-9A1E7A4F7556}") = "FactoryPattern", "src\Creational\FactoryPattern\FactoryPattern.csproj", "{C5852E77-C374-44BC-A49A-482CEA36DBDA}"
EndProject
Project("{2150E333-8FDC-42A3-9474-1A3956D46DE8}") = "Creational", "Creational", "{0AA29029-2E92-4CF2-BCFF-B270AC5A8DB3}"
EndProject
Project("{2150E333-8FDC-42A3-9474-1A3956D46DE8}") = "Behavioral", "Behavioral", "{E02A8944-8BBA-43A9-B36A-6F819FD8E5BB}"
EndProject
Project("{FAE04EC0-301F-11D3-BF4B-00C04F79EFBC}") = "VisitorPattern", "src\Behavioral\VisitorPattern\VisitorPattern.csproj", "{54586BAF-B79E-4A85-AE70-B584945F11CB}"
EndProject
Global
	GlobalSection(SolutionConfigurationPlatforms) = preSolution
		Debug|Any CPU = Debug|Any CPU
		Debug|x64 = Debug|x64
		Debug|x86 = Debug|x86
		Release|Any CPU = Release|Any CPU
		Release|x64 = Release|x64
		Release|x86 = Release|x86
	EndGlobalSection
	GlobalSection(ProjectConfigurationPlatforms) = postSolution
		{58B5D1A1-B6FF-49C1-82FF-C669208140C5}.Debug|Any CPU.ActiveCfg = Debug|Any CPU
		{58B5D1A1-B6FF-49C1-82FF-C669208140C5}.Debug|Any CPU.Build.0 = Debug|Any CPU
		{58B5D1A1-B6FF-49C1-82FF-C669208140C5}.Debug|x64.ActiveCfg = Debug|Any CPU
		{58B5D1A1-B6FF-49C1-82FF-C669208140C5}.Debug|x64.Build.0 = Debug|Any CPU
		{58B5D1A1-B6FF-49C1-82FF-C669208140C5}.Debug|x86.ActiveCfg = Debug|Any CPU
		{58B5D1A1-B6FF-49C1-82FF-C669208140C5}.Debug|x86.Build.0 = Debug|Any CPU
		{58B5D1A1-B6FF-49C1-82FF-C669208140C5}.Release|Any CPU.ActiveCfg = Release|Any CPU
		{58B5D1A1-B6FF-49C1-82FF-C669208140C5}.Release|Any CPU.Build.0 = Release|Any CPU
		{58B5D1A1-B6FF-49C1-82FF-C669208140C5}.Release|x64.ActiveCfg = Release|Any CPU
		{58B5D1A1-B6FF-49C1-82FF-C669208140C5}.Release|x64.Build.0 = Release|Any CPU
		{58B5D1A1-B6FF-49C1-82FF-C669208140C5}.Release|x86.ActiveCfg = Release|Any CPU
		{58B5D1A1-B6FF-49C1-82FF-C669208140C5}.Release|x86.Build.0 = Release|Any CPU
		{EC45A657-BFE0-4A0A-BD7E-D1E006636412}.Debug|Any CPU.ActiveCfg = Debug|Any CPU
		{EC45A657-BFE0-4A0A-BD7E-D1E006636412}.Debug|Any CPU.Build.0 = Debug|Any CPU
		{EC45A657-BFE0-4A0A-BD7E-D1E006636412}.Debug|x64.ActiveCfg = Debug|Any CPU
		{EC45A657-BFE0-4A0A-BD7E-D1E006636412}.Debug|x64.Build.0 = Debug|Any CPU
		{EC45A657-BFE0-4A0A-BD7E-D1E006636412}.Debug|x86.ActiveCfg = Debug|Any CPU
		{EC45A657-BFE0-4A0A-BD7E-D1E006636412}.Debug|x86.Build.0 = Debug|Any CPU
		{EC45A657-BFE0-4A0A-BD7E-D1E006636412}.Release|Any CPU.ActiveCfg = Release|Any CPU
		{EC45A657-BFE0-4A0A-BD7E-D1E006636412}.Release|Any CPU.Build.0 = Release|Any CPU
		{EC45A657-BFE0-4A0A-BD7E-D1E006636412}.Release|x64.ActiveCfg = Release|Any CPU
		{EC45A657-BFE0-4A0A-BD7E-D1E006636412}.Release|x64.Build.0 = Release|Any CPU
		{EC45A657-BFE0-4A0A-BD7E-D1E006636412}.Release|x86.ActiveCfg = Release|Any CPU
		{EC45A657-BFE0-4A0A-BD7E-D1E006636412}.Release|x86.Build.0 = Release|Any CPU
		{C5852E77-C374-44BC-A49A-482CEA36DBDA}.Debug|Any CPU.ActiveCfg = Debug|Any CPU
		{C5852E77-C374-44BC-A49A-482CEA36DBDA}.Debug|Any CPU.Build.0 = Debug|Any CPU
		{C5852E77-C374-44BC-A49A-482CEA36DBDA}.Debug|x64.ActiveCfg = Debug|Any CPU
		{C5852E77-C374-44BC-A49A-482CEA36DBDA}.Debug|x64.Build.0 = Debug|Any CPU
		{C5852E77-C374-44BC-A49A-482CEA36DBDA}.Debug|x86.ActiveCfg = Debug|Any CPU
		{C5852E77-C374-44BC-A49A-482CEA36DBDA}.Debug|x86.Build.0 = Debug|Any CPU
		{C5852E77-C374-44BC-A49A-482CEA36DBDA}.Release|Any CPU.ActiveCfg = Release|Any CPU
		{C5852E77-C374-44BC-A49A-482CEA36DBDA}.Release|Any CPU.Build.0 = Release|Any CPU
		{C5852E77-C374-44BC-A49A-482CEA36DBDA}.Release|x64.ActiveCfg = Release|Any CPU
		{C5852E77-C374-44BC-A49A-482CEA36DBDA}.Release|x64.Build.0 = Release|Any CPU
		{C5852E77-C374-44BC-A49A-482CEA36DBDA}.Release|x86.ActiveCfg = Release|Any CPU
		{C5852E77-C374-44BC-A49A-482CEA36DBDA}.Release|x86.Build.0 = Release|Any CPU
		{54586BAF-B79E-4A85-AE70-B584945F11CB}.Debug|Any CPU.ActiveCfg = Debug|Any CPU
		{54586BAF-B79E-4A85-AE70-B584945F11CB}.Debug|Any CPU.Build.0 = Debug|Any CPU
		{54586BAF-B79E-4A85-AE70-B584945F11CB}.Debug|x64.ActiveCfg = Debug|Any CPU
		{54586BAF-B79E-4A85-AE70-B584945F11CB}.Debug|x64.Build.0 = Debug|Any CPU
		{54586BAF-B79E-4A85-AE70-B584945F11CB}.Debug|x86.ActiveCfg = Debug|Any CPU
		{54586BAF-B79E-4A85-AE70-B584945F11CB}.Debug|x86.Build.0 = Debug|Any CPU
		{54586BAF-B79E-4A85-AE70-B584945F11CB}.Release|Any CPU.ActiveCfg = Release|Any CPU
		{54586BAF-B79E-4A85-AE70-B584945F11CB}.Release|Any CPU.Build.0 = Release|Any CPU
		{54586BAF-B79E-4A85-AE70-B584945F11CB}.Release|x64.ActiveCfg = Release|Any CPU
		{54586BAF-B79E-4A85-AE70-B584945F11CB}.Release|x64.Build.0 = Release|Any CPU
		{54586BAF-B79E-4A85-AE70-B584945F11CB}.Release|x86.ActiveCfg = Release|Any CPU
		{54586BAF-B79E-4A85-AE70-B584945F11CB}.Release|x86.Build.0 = Release|Any CPU
	EndGlobalSection
	GlobalSection(SolutionProperties) = preSolution
		HideSolutionNode = FALSE
	EndGlobalSection
	GlobalSection(NestedProjects) = preSolution
		{58B5D1A1-B6FF-49C1-82FF-C669208140C5} = {E02A8944-8BBA-43A9-B36A-6F819FD8E5BB}
		{EC45A657-BFE0-4A0A-BD7E-D1E006636412} = {455E807C-A893-4A52-8482-8CB897C7E2C2}
		{C5852E77-C374-44BC-A49A-482CEA36DBDA} = {0AA29029-2E92-4CF2-BCFF-B270AC5A8DB3}
		{0AA29029-2E92-4CF2-BCFF-B270AC5A8DB3} = {0A1EFF5D-FA74-4B9F-A0B2-3A0DC296298C}
		{E02A8944-8BBA-43A9-B36A-6F819FD8E5BB} = {0A1EFF5D-FA74-4B9F-A0B2-3A0DC296298C}
		{54586BAF-B79E-4A85-AE70-B584945F11CB} = {E02A8944-8BBA-43A9-B36A-6F819FD8E5BB}
	EndGlobalSection
	GlobalSection(ExtensibilityGlobals) = postSolution
		SolutionGuid = {6B055D6E-A55B-4201-AC19-4435ACB352A2}
	EndGlobalSection
EndGlobal
